
Microsoft Visual Studio Solution File, Format Version 12.00
# Visual Studio 15
VisualStudioVersion = 15.0.27428.2005
MinimumVisualStudioVersion = 10.0.40219.1
Project("{FAE04EC0-301F-11D3-BF4B-00C04F79EFBC}") = "Game1", "Game1\Game1.csproj", "{CDDD8993-B053-479A-89E0-834366B42C3D}"
EndProject
Global
	GlobalSection(SolutionConfigurationPlatforms) = preSolution
		Debug|x86 = Debug|x86
		Release|x86 = Release|x86
	EndGlobalSection
	GlobalSection(ProjectConfigurationPlatforms) = postSolution
		{CDDD8993-B053-479A-89E0-834366B42C3D}.Debug|x86.ActiveCfg = Debug|x86
		{CDDD8993-B053-479A-89E0-834366B42C3D}.Debug|x86.Build.0 = Debug|x86
		{CDDD8993-B053-479A-89E0-834366B42C3D}.Release|x86.ActiveCfg = Release|x86
		{CDDD8993-B053-479A-89E0-834366B42C3D}.Release|x86.Build.0 = Release|x86
	EndGlobalSection
	GlobalSection(SolutionProperties) = preSolution
		HideSolutionNode = FALSE
	EndGlobalSection
	GlobalSection(ExtensibilityGlobals) = postSolution
		SolutionGuid = {6F3F3FBF-96A1-4F9E-AD28-7F9D72F05B79}
	EndGlobalSection
EndGlobal
